
Microsoft Visual Studio Solution File, Format Version 12.00
# Visual Studio Version 17
VisualStudioVersion = 17.10.35027.167
MinimumVisualStudioVersion = 10.0.40219.1
Project("{FAE04EC0-301F-11D3-BF4B-00C04F79EFBC}") = "SinqiaParibas", "SinqiaParibas.csproj", "{D2C793A0-9776-48E5-9CA7-A2946FAD1934}"
EndProject
Project("{9A19103F-16F7-4668-BE54-9A1E7A4F7556}") = "TestMovimentos", "TestMovimentos\TestMovimentos.csproj", "{ED3E46A8-166E-415D-A3F7-CAFAFB2CEDE0}"
EndProject
Global
	GlobalSection(SolutionConfigurationPlatforms) = preSolution
		Debug|Any CPU = Debug|Any CPU
		Release|Any CPU = Release|Any CPU
	EndGlobalSection
	GlobalSection(ProjectConfigurationPlatforms) = postSolution
		{D2C793A0-9776-48E5-9CA7-A2946FAD1934}.Debug|Any CPU.ActiveCfg = Debug|Any CPU
		{D2C793A0-9776-48E5-9CA7-A2946FAD1934}.Debug|Any CPU.Build.0 = Debug|Any CPU
		{D2C793A0-9776-48E5-9CA7-A2946FAD1934}.Release|Any CPU.ActiveCfg = Release|Any CPU
		{D2C793A0-9776-48E5-9CA7-A2946FAD1934}.Release|Any CPU.Build.0 = Release|Any CPU
		{ED3E46A8-166E-415D-A3F7-CAFAFB2CEDE0}.Debug|Any CPU.ActiveCfg = Debug|Any CPU
		{ED3E46A8-166E-415D-A3F7-CAFAFB2CEDE0}.Debug|Any CPU.Build.0 = Debug|Any CPU
		{ED3E46A8-166E-415D-A3F7-CAFAFB2CEDE0}.Release|Any CPU.ActiveCfg = Release|Any CPU
		{ED3E46A8-166E-415D-A3F7-CAFAFB2CEDE0}.Release|Any CPU.Build.0 = Release|Any CPU
	EndGlobalSection
	GlobalSection(SolutionProperties) = preSolution
		HideSolutionNode = FALSE
	EndGlobalSection
	GlobalSection(ExtensibilityGlobals) = postSolution
		SolutionGuid = {625D938A-E0FF-4856-ABA0-E1C99E91350E}
	EndGlobalSection
EndGlobal
